
Microsoft Visual Studio Solution File, Format Version 12.00
# Visual Studio Version 17
VisualStudioVersion = 17.10.35027.167
MinimumVisualStudioVersion = 10.0.40219.1
Project("{FAE04EC0-301F-11D3-BF4B-00C04F79EFBC}") = "ViewPharmacy", "ViewPharmacy\ViewPharmacy.csproj", "{59BDD2E8-2061-47EB-BC8F-698402E85346}"
	ProjectSection(ProjectDependencies) = postProject
		{47465E46-BAA3-4155-BDBC-541AA59BB1DC} = {47465E46-BAA3-4155-BDBC-541AA59BB1DC}
		{BA397491-C359-4C23-B930-FB3B9194851D} = {BA397491-C359-4C23-B930-FB3B9194851D}
	EndProjectSection
EndProject
Project("{FAE04EC0-301F-11D3-BF4B-00C04F79EFBC}") = "Model", "Model\Model.csproj", "{8E5121CC-64ED-4C90-98B9-9F4DE64B3C4C}"
EndProject
Project("{FAE04EC0-301F-11D3-BF4B-00C04F79EFBC}") = "BusinessLogic", "BusinessLogic\BusinessLogic.csproj", "{BA397491-C359-4C23-B930-FB3B9194851D}"
EndProject
Project("{FAE04EC0-301F-11D3-BF4B-00C04F79EFBC}") = "DataAccess", "DataAccess\DataAccess.csproj", "{47465E46-BAA3-4155-BDBC-541AA59BB1DC}"
EndProject
Global
	GlobalSection(SolutionConfigurationPlatforms) = preSolution
		Debug|Any CPU = Debug|Any CPU
		Release|Any CPU = Release|Any CPU
	EndGlobalSection
	GlobalSection(ProjectConfigurationPlatforms) = postSolution
		{59BDD2E8-2061-47EB-BC8F-698402E85346}.Debug|Any CPU.ActiveCfg = Debug|Any CPU
		{59BDD2E8-2061-47EB-BC8F-698402E85346}.Debug|Any CPU.Build.0 = Debug|Any CPU
		{59BDD2E8-2061-47EB-BC8F-698402E85346}.Release|Any CPU.ActiveCfg = Release|Any CPU
		{59BDD2E8-2061-47EB-BC8F-698402E85346}.Release|Any CPU.Build.0 = Release|Any CPU
		{8E5121CC-64ED-4C90-98B9-9F4DE64B3C4C}.Debug|Any CPU.ActiveCfg = Debug|Any CPU
		{8E5121CC-64ED-4C90-98B9-9F4DE64B3C4C}.Debug|Any CPU.Build.0 = Debug|Any CPU
		{8E5121CC-64ED-4C90-98B9-9F4DE64B3C4C}.Release|Any CPU.ActiveCfg = Release|Any CPU
		{8E5121CC-64ED-4C90-98B9-9F4DE64B3C4C}.Release|Any CPU.Build.0 = Release|Any CPU
		{BA397491-C359-4C23-B930-FB3B9194851D}.Debug|Any CPU.ActiveCfg = Debug|Any CPU
		{BA397491-C359-4C23-B930-FB3B9194851D}.Debug|Any CPU.Build.0 = Debug|Any CPU
		{BA397491-C359-4C23-B930-FB3B9194851D}.Release|Any CPU.ActiveCfg = Release|Any CPU
		{BA397491-C359-4C23-B930-FB3B9194851D}.Release|Any CPU.Build.0 = Release|Any CPU
		{47465E46-BAA3-4155-BDBC-541AA59BB1DC}.Debug|Any CPU.ActiveCfg = Debug|Any CPU
		{47465E46-BAA3-4155-BDBC-541AA59BB1DC}.Debug|Any CPU.Build.0 = Debug|Any CPU
		{47465E46-BAA3-4155-BDBC-541AA59BB1DC}.Release|Any CPU.ActiveCfg = Release|Any CPU
		{47465E46-BAA3-4155-BDBC-541AA59BB1DC}.Release|Any CPU.Build.0 = Release|Any CPU
	EndGlobalSection
	GlobalSection(SolutionProperties) = preSolution
		HideSolutionNode = FALSE
	EndGlobalSection
	GlobalSection(ExtensibilityGlobals) = postSolution
		SolutionGuid = {73D14560-4BA3-4E3E-9196-54D1DD1F0A89}
	EndGlobalSection
EndGlobal
